
Microsoft Visual Studio Solution File, Format Version 12.00
# Visual Studio Version 17
VisualStudioVersion = 17.10.35027.167
MinimumVisualStudioVersion = 10.0.40219.1
Project("{FAE04EC0-301F-11D3-BF4B-00C04F79EFBC}") = "TestProject2", "TestProject2\TestProject2.csproj", "{E665188C-5CE8-4E7F-96A1-9C2B40E94BAB}"
EndProject
Global
	GlobalSection(SolutionConfigurationPlatforms) = preSolution
		Debug|Any CPU = Debug|Any CPU
		Release|Any CPU = Release|Any CPU
	EndGlobalSection
	GlobalSection(ProjectConfigurationPlatforms) = postSolution
		{E665188C-5CE8-4E7F-96A1-9C2B40E94BAB}.Debug|Any CPU.ActiveCfg = Debug|Any CPU
		{E665188C-5CE8-4E7F-96A1-9C2B40E94BAB}.Debug|Any CPU.Build.0 = Debug|Any CPU
		{E665188C-5CE8-4E7F-96A1-9C2B40E94BAB}.Release|Any CPU.ActiveCfg = Release|Any CPU
		{E665188C-5CE8-4E7F-96A1-9C2B40E94BAB}.Release|Any CPU.Build.0 = Release|Any CPU
	EndGlobalSection
	GlobalSection(SolutionProperties) = preSolution
		HideSolutionNode = FALSE
	EndGlobalSection
	GlobalSection(ExtensibilityGlobals) = postSolution
		SolutionGuid = {E4E84FEF-A030-412E-8BC3-89FFE0C9034F}
	EndGlobalSection
EndGlobal
